
Microsoft Visual Studio Solution File, Format Version 12.00
# Visual Studio 14
VisualStudioVersion = 14.0.25420.1
MinimumVisualStudioVersion = 10.0.40219.1
Project("{FAE04EC0-301F-11D3-BF4B-00C04F79EFBC}") = "Mevo", "Mevo\Mevo.csproj", "{7339FEFF-5946-48DC-9F3A-B37BEDA6718B}"
EndProject
Project("{FAE04EC0-301F-11D3-BF4B-00C04F79EFBC}") = "Mevo.App", "Mevo.App\Mevo.App.csproj", "{18314C05-E769-4EDC-850F-92E17D1FBCA0}"
EndProject
Global
	GlobalSection(SolutionConfigurationPlatforms) = preSolution
		Debug|Any CPU = Debug|Any CPU
		Release|Any CPU = Release|Any CPU
	EndGlobalSection
	GlobalSection(ProjectConfigurationPlatforms) = postSolution
		{7339FEFF-5946-48DC-9F3A-B37BEDA6718B}.Debug|Any CPU.ActiveCfg = Debug|Any CPU
		{7339FEFF-5946-48DC-9F3A-B37BEDA6718B}.Debug|Any CPU.Build.0 = Debug|Any CPU
		{7339FEFF-5946-48DC-9F3A-B37BEDA6718B}.Release|Any CPU.ActiveCfg = Release|Any CPU
		{7339FEFF-5946-48DC-9F3A-B37BEDA6718B}.Release|Any CPU.Build.0 = Release|Any CPU
		{18314C05-E769-4EDC-850F-92E17D1FBCA0}.Debug|Any CPU.ActiveCfg = Debug|Any CPU
		{18314C05-E769-4EDC-850F-92E17D1FBCA0}.Debug|Any CPU.Build.0 = Debug|Any CPU
		{18314C05-E769-4EDC-850F-92E17D1FBCA0}.Release|Any CPU.ActiveCfg = Release|Any CPU
		{18314C05-E769-4EDC-850F-92E17D1FBCA0}.Release|Any CPU.Build.0 = Release|Any CPU
	EndGlobalSection
	GlobalSection(SolutionProperties) = preSolution
		HideSolutionNode = FALSE
	EndGlobalSection
EndGlobal
